
Microsoft Visual Studio Solution File, Format Version 12.00
# Visual Studio Version 16
VisualStudioVersion = 16.0.29326.143
MinimumVisualStudioVersion = 10.0.40219.1
Project("{2150E333-8FDC-42A3-9474-1A3956D46DE8}") = "src", "src", "{6267E2ED-942C-497D-BFC9-B3CE0AFC276F}"
EndProject
Project("{2150E333-8FDC-42A3-9474-1A3956D46DE8}") = "test", "test", "{962C5ACA-AB2B-4E9B-9EBB-7E7EE28CDBB1}"
EndProject
Project("{9A19103F-16F7-4668-BE54-9A1E7A4F7556}") = "MediaThor", "src\MediaThor\MediaThor.csproj", "{12DA3F16-060B-467A-993F-2DF25EE6E6A8}"
EndProject
Project("{2150E333-8FDC-42A3-9474-1A3956D46DE8}") = "Solution Items", "Solution Items", "{1E133765-6B4E-46C2-8C6C-7238E8EABA79}"
	ProjectSection(SolutionItems) = preProject
		azure-pipelines.yml = azure-pipelines.yml
		Build.ps1 = Build.ps1
		Directory.Build.props = Directory.Build.props
		README.md = README.md
	EndProjectSection
EndProject
Project("{9A19103F-16F7-4668-BE54-9A1E7A4F7556}") = "MediaThor.Tests", "test\MediaThor.Tests\MediaThor.Tests.csproj", "{8B2E6E96-D65E-4F69-8634-4E66F7DC4200}"
EndProject
Project("{9A19103F-16F7-4668-BE54-9A1E7A4F7556}") = "MediaThor.Tester", "src\MediaThor.Tester\MediaThor.Tester\MediaThor.Tester.csproj", "{D1867115-4F77-4571-B0F1-165BE68290BE}"
EndProject
Global
	GlobalSection(SolutionConfigurationPlatforms) = preSolution
		Debug|Any CPU = Debug|Any CPU
		Release|Any CPU = Release|Any CPU
	EndGlobalSection
	GlobalSection(ProjectConfigurationPlatforms) = postSolution
		{12DA3F16-060B-467A-993F-2DF25EE6E6A8}.Debug|Any CPU.ActiveCfg = Debug|Any CPU
		{12DA3F16-060B-467A-993F-2DF25EE6E6A8}.Debug|Any CPU.Build.0 = Debug|Any CPU
		{12DA3F16-060B-467A-993F-2DF25EE6E6A8}.Release|Any CPU.ActiveCfg = Release|Any CPU
		{12DA3F16-060B-467A-993F-2DF25EE6E6A8}.Release|Any CPU.Build.0 = Release|Any CPU
		{8B2E6E96-D65E-4F69-8634-4E66F7DC4200}.Debug|Any CPU.ActiveCfg = Debug|Any CPU
		{8B2E6E96-D65E-4F69-8634-4E66F7DC4200}.Debug|Any CPU.Build.0 = Debug|Any CPU
		{8B2E6E96-D65E-4F69-8634-4E66F7DC4200}.Release|Any CPU.ActiveCfg = Release|Any CPU
		{8B2E6E96-D65E-4F69-8634-4E66F7DC4200}.Release|Any CPU.Build.0 = Release|Any CPU
		{D1867115-4F77-4571-B0F1-165BE68290BE}.Debug|Any CPU.ActiveCfg = Debug|Any CPU
		{D1867115-4F77-4571-B0F1-165BE68290BE}.Debug|Any CPU.Build.0 = Debug|Any CPU
		{D1867115-4F77-4571-B0F1-165BE68290BE}.Release|Any CPU.ActiveCfg = Release|Any CPU
		{D1867115-4F77-4571-B0F1-165BE68290BE}.Release|Any CPU.Build.0 = Release|Any CPU
	EndGlobalSection
	GlobalSection(SolutionProperties) = preSolution
		HideSolutionNode = FALSE
	EndGlobalSection
	GlobalSection(NestedProjects) = preSolution
		{12DA3F16-060B-467A-993F-2DF25EE6E6A8} = {6267E2ED-942C-497D-BFC9-B3CE0AFC276F}
		{8B2E6E96-D65E-4F69-8634-4E66F7DC4200} = {962C5ACA-AB2B-4E9B-9EBB-7E7EE28CDBB1}
		{D1867115-4F77-4571-B0F1-165BE68290BE} = {6267E2ED-942C-497D-BFC9-B3CE0AFC276F}
	EndGlobalSection
	GlobalSection(ExtensibilityGlobals) = postSolution
		SolutionGuid = {D58286E3-878B-4ACB-8E76-F61E708D4339}
	EndGlobalSection
EndGlobal
